# THIS IS AN AUTOGENERATED FILE. DO NOT EDIT THIS FILE DIRECTLY.
# yarn lockfile v1


"@babel/runtime@^7.12.0", "@babel/runtime@^7.14.5":
  version "7.17.0"
  resolved "https://registry.yarnpkg.com/@babel/runtime/-/runtime-7.17.0.tgz#b8d142fc0f7664fb3d9b5833fd40dcbab89276c0"
  integrity sha512-etcO/ohMNaNA2UBdaXBBSX/3aEzFMRrVfaPv8Ptc0k+cWpWW0QFiGZ2XnVqQZI1Cf734LbPGmqBKWESfW4x/dQ==
  dependencies:
    regenerator-runtime "^0.13.4"

html-escaper@^2.0.2:
  version "2.0.2"
  resolved "https://registry.yarnpkg.com/html-escaper/-/html-escaper-2.0.2.tgz#dfd60027da36a36dfcbe236262c00a5822681453"
  integrity sha512-H2iMtd0I4Mt5eYiapRdIDjp+XzelXQ0tFE4JS7YFwFevXXMmOp9myNrUvCg0D6ws8iqkRPBfKHgbwig1SmlLfg==

html-parse-stringify@^3.0.1:
  version "3.0.1"
  resolved "https://registry.yarnpkg.com/html-parse-stringify/-/html-parse-stringify-3.0.1.tgz#dfc1017347ce9f77c8141a507f233040c59c55d2"
  integrity sha512-KknJ50kTInJ7qIScF3jeaFRpMpE8/lfiTdzf/twXyPBLAGrLRTmkz3AdTnKeh40X8k9L2fdYwEp/42WGXIRGcg==
  dependencies:
    void-elements "3.1.0"

i18next@^21.6.10:
  version "21.6.10"
  resolved "https://registry.yarnpkg.com/i18next/-/i18next-21.6.10.tgz#aa503831d42213ae2f05eaede29ca07c2d6fbb6f"
  integrity sha512-Xw+tEGQ61BF6SXtBlFffhM/YhJKHZf2cyDrcNK/l2dE6yVbkPkSasC3VhkAsHXX30vUJ0yG04WIUtf7UvwjOxg==
  dependencies:
    "@babel/runtime" "^7.12.0"

react-i18next@^11.15.3:
  version "11.15.3"
  resolved "https://registry.yarnpkg.com/react-i18next/-/react-i18next-11.15.3.tgz#7608fb3cacc02ac75a62fc2d68b579f140b198dd"
  integrity sha512-RSUEM4So3Tu2JHV0JsZ5Yje+4nz66YViMfPZoywxOy0xyn3L7tE2CHvJ7Y9LUsrTU7vGmZ5bwb8PpjnkatdIxg==
  dependencies:
    "@babel/runtime" "^7.14.5"
    html-escaper "^2.0.2"
    html-parse-stringify "^3.0.1"

regenerator-runtime@^0.13.4:
  version "0.13.9"
  resolved "https://registry.yarnpkg.com/regenerator-runtime/-/regenerator-runtime-0.13.9.tgz#8925742a98ffd90814988d7566ad30ca3b263b52"
  integrity sha512-p3VT+cOEgxFsRRA9X4lkI1E+k2/CtnKtU4gcxyaCUreilL/vqI6CdZ3wxVUx3UOUg+gnUOQQcRI7BmSI656MYA==

void-elements@3.1.0:
  version "3.1.0"
  resolved "https://registry.yarnpkg.com/void-elements/-/void-elements-3.1.0.tgz#614f7fbf8d801f0bb5f0661f5b2f5785750e4f09"
  integrity sha1-YU9/v42AHwu18GYfWy9XhXUOTwk=
